// !$*UTF8*$!
{
	archiveVersion = 1;
	classes = {
	};
	objectVersion = 46;
	objects = {

/* Begin PBXBuildFile section */
		0219A1C470C3772AC33A178D /* Pods_CodeGen.framework in Frameworks */ = {isa = PBXBuildFile; fileRef = 882DB0D0D67C03F4A03F57D3 /* Pods_CodeGen.framework */; };
		3169C1301CA2E9FE009828E2 /* Assets.xcassets in Resources */ = {isa = PBXBuildFile; fileRef = 3169C11B1CA2E9FE009828E2 /* Assets.xcassets */; };
		3169C13E1CA2E9FE009828E2 /* main.swift in Sources */ = {isa = PBXBuildFile; fileRef = 3169C12F1CA2E9FE009828E2 /* main.swift */; };
		3169C1551CA2EE2E009828E2 /* SourceKittenFramework.framework.dSYM in Resources */ = {isa = PBXBuildFile; fileRef = 3169C1511CA2EE2E009828E2 /* SourceKittenFramework.framework.dSYM */; };
		3169C1571CA2EE2E009828E2 /* SWXMLHash.framework.dSYM in Resources */ = {isa = PBXBuildFile; fileRef = 3169C1531CA2EE2E009828E2 /* SWXMLHash.framework.dSYM */; };
		3169C1581CA2EE36009828E2 /* SourceKittenFramework.framework in Frameworks */ = {isa = PBXBuildFile; fileRef = 3169C1501CA2EE2E009828E2 /* SourceKittenFramework.framework */; };
		3169C1591CA2EE36009828E2 /* SourceKittenFramework.framework in Embed Frameworks */ = {isa = PBXBuildFile; fileRef = 3169C1501CA2EE2E009828E2 /* SourceKittenFramework.framework */; settings = {ATTRIBUTES = (CodeSignOnCopy, RemoveHeadersOnCopy, ); }; };
		3169C15A1CA2EE36009828E2 /* SWXMLHash.framework in Frameworks */ = {isa = PBXBuildFile; fileRef = 3169C1521CA2EE2E009828E2 /* SWXMLHash.framework */; };
		3169C15B1CA2EE36009828E2 /* SWXMLHash.framework in Embed Frameworks */ = {isa = PBXBuildFile; fileRef = 3169C1521CA2EE2E009828E2 /* SWXMLHash.framework */; settings = {ATTRIBUTES = (CodeSignOnCopy, RemoveHeadersOnCopy, ); }; };
		3169C1681CA2F138009828E2 /* Array+MW.swift in Sources */ = {isa = PBXBuildFile; fileRef = 3169C15D1CA2F138009828E2 /* Array+MW.swift */; };
		3169C1691CA2F138009828E2 /* Dictionary+MW.swift in Sources */ = {isa = PBXBuildFile; fileRef = 3169C15E1CA2F138009828E2 /* Dictionary+MW.swift */; };
		3169C16A1CA2F138009828E2 /* String+MW.swift in Sources */ = {isa = PBXBuildFile; fileRef = 3169C15F1CA2F138009828E2 /* String+MW.swift */; };
		3169C16B1CA2F138009828E2 /* Extractor.swift in Sources */ = {isa = PBXBuildFile; fileRef = 3169C1611CA2F138009828E2 /* Extractor.swift */; };
		3169C16C1CA2F138009828E2 /* ExtractorModels.swift in Sources */ = {isa = PBXBuildFile; fileRef = 3169C1621CA2F138009828E2 /* ExtractorModels.swift */; };
		3169C16D1CA2F138009828E2 /* Generator.swift in Sources */ = {isa = PBXBuildFile; fileRef = 3169C1641CA2F138009828E2 /* Generator.swift */; };
		3169C16F1CA2F138009828E2 /* Utils.swift in Sources */ = {isa = PBXBuildFile; fileRef = 3169C1671CA2F138009828E2 /* Utils.swift */; };
		3169C1721CA2F168009828E2 /* IntegrationTests.swift in Sources */ = {isa = PBXBuildFile; fileRef = 3169C1701CA2F168009828E2 /* IntegrationTests.swift */; };
		3169C1751CA2F1BA009828E2 /* SourceKittenFramework.framework in Copy Frameworks */ = {isa = PBXBuildFile; fileRef = 3169C1501CA2EE2E009828E2 /* SourceKittenFramework.framework */; settings = {ATTRIBUTES = (CodeSignOnCopy, RemoveHeadersOnCopy, ); }; };
		3169C1761CA2F1BA009828E2 /* SWXMLHash.framework in Copy Frameworks */ = {isa = PBXBuildFile; fileRef = 3169C1521CA2EE2E009828E2 /* SWXMLHash.framework */; settings = {ATTRIBUTES = (CodeSignOnCopy, RemoveHeadersOnCopy, ); }; };
		3169C1781CA2F646009828E2 /* SourceKittenFramework.framework in Frameworks */ = {isa = PBXBuildFile; fileRef = 3169C1501CA2EE2E009828E2 /* SourceKittenFramework.framework */; };
		3169C1791CA2F646009828E2 /* SWXMLHash.framework in Frameworks */ = {isa = PBXBuildFile; fileRef = 3169C1521CA2EE2E009828E2 /* SWXMLHash.framework */; };
		317D2D9F1CA3066300305424 /* MainMenu.xib in Resources */ = {isa = PBXBuildFile; fileRef = 317D2D9E1CA3066300305424 /* MainMenu.xib */; };
		317D2DA01CA306BE00305424 /* MainMenu.xib in Resources */ = {isa = PBXBuildFile; fileRef = 317D2D9E1CA3066300305424 /* MainMenu.xib */; };
		4D4800A61CFEF2100087C474 /* ComplexEnum.fixture in Resources */ = {isa = PBXBuildFile; fileRef = 4D4800A51CFEF2100087C474 /* ComplexEnum.fixture */; };
		4D4800A81CFEF9F20087C474 /* Immutable.stencil in Resources */ = {isa = PBXBuildFile; fileRef = 4D4800A71CFEF9F20087C474 /* Immutable.stencil */; };
		4D4800AA1CFEF9F80087C474 /* AutoEquatable.stencil in Resources */ = {isa = PBXBuildFile; fileRef = 4D4800A91CFEF9F80087C474 /* AutoEquatable.stencil */; };
		4D4800AD1CFEFB130087C474 /* ImmutableSimpleResult.fixture in Resources */ = {isa = PBXBuildFile; fileRef = 4D4800AC1CFEFB130087C474 /* ImmutableSimpleResult.fixture */; };
		4D4800AF1CFEFB6B0087C474 /* ImmutableComplexResult.fixture in Resources */ = {isa = PBXBuildFile; fileRef = 4D4800AE1CFEFB6B0087C474 /* ImmutableComplexResult.fixture */; };
		4D4800B51CFF024A0087C474 /* AutoEquatableComplexResult.fixture in Resources */ = {isa = PBXBuildFile; fileRef = 4D4800B41CFF024A0087C474 /* AutoEquatableComplexResult.fixture */; };
		4D4800B71CFF02770087C474 /* AutoEquatableComplexSource.fixture in Resources */ = {isa = PBXBuildFile; fileRef = 4D4800B61CFF02770087C474 /* AutoEquatableComplexSource.fixture */; };
		4D757F111CFAE9A40053A20A /* GeneratorModels.swift in Sources */ = {isa = PBXBuildFile; fileRef = 4D757F101CFAE9A40053A20A /* GeneratorModels.swift */; };
		4D99867B1CFDD41E00C2BEB8 /* ExtractorTests.swift in Sources */ = {isa = PBXBuildFile; fileRef = 4D99867A1CFDD41E00C2BEB8 /* ExtractorTests.swift */; };
		4D99867D1CFDD48A00C2BEB8 /* SimpleEnum.fixture in Resources */ = {isa = PBXBuildFile; fileRef = 4D99867C1CFDD48A00C2BEB8 /* SimpleEnum.fixture */; };
		4D99867F1CFDD50100C2BEB8 /* XCTest+MW.swift in Sources */ = {isa = PBXBuildFile; fileRef = 4D99867E1CFDD50100C2BEB8 /* XCTest+MW.swift */; };
		4DC3C32B1CF7B29700D3702B /* SourceKitRepresentable+MW.swift in Sources */ = {isa = PBXBuildFile; fileRef = 4DC3C32A1CF7B29700D3702B /* SourceKitRepresentable+MW.swift */; };
		4DC3C32D1CF9F8FD00D3702B /* Set+MW.swift in Sources */ = {isa = PBXBuildFile; fileRef = 4DC3C32C1CF9F8FD00D3702B /* Set+MW.swift */; };
		4DCE86681CFEEA0E00A3E238 /* IndexExtractor.swift in Sources */ = {isa = PBXBuildFile; fileRef = 4DCE86671CFEEA0E00A3E238 /* IndexExtractor.swift */; };
		4DCE866A1CFEEA1A00A3E238 /* StructureExtractor.swift in Sources */ = {isa = PBXBuildFile; fileRef = 4DCE86691CFEEA1A00A3E238 /* StructureExtractor.swift */; };
		CCD966357DA9707527CF5143 /* Pods_CodeGenTests.framework in Frameworks */ = {isa = PBXBuildFile; fileRef = AC1EBF68C2F8803CC9C572D2 /* Pods_CodeGenTests.framework */; };
		CDC6B2901CA3FE1F0041517A /* ImmutableComplexSource.fixture in Resources */ = {isa = PBXBuildFile; fileRef = CDC6B28E1CA3FE1F0041517A /* ImmutableComplexSource.fixture */; };
		E291D17344B4163D9A5100F4 /* ImmutableSimpleSource.fixture in Resources */ = {isa = PBXBuildFile; fileRef = E291DA17BA08E486EE4C788A /* ImmutableSimpleSource.fixture */; };
/* End PBXBuildFile section */

/* Begin PBXContainerItemProxy section */
		3169C1481CA2EC36009828E2 /* PBXContainerItemProxy */ = {
			isa = PBXContainerItemProxy;
			containerPortal = CD3D74271CA2907D0021FC36 /* Project object */;
			proxyType = 1;
			remoteGlobalIDString = CD3D742E1CA2907D0021FC36;
			remoteInfo = CodeGen;
		};
/* End PBXContainerItemProxy section */

/* Begin PBXCopyFilesBuildPhase section */
		3169C1741CA2F1AB009828E2 /* Copy Frameworks */ = {
			isa = PBXCopyFilesBuildPhase;
			buildActionMask = 2147483647;
			dstPath = "";
			dstSubfolderSpec = 10;
			files = (
				3169C1751CA2F1BA009828E2 /* SourceKittenFramework.framework in Copy Frameworks */,
				3169C1761CA2F1BA009828E2 /* SWXMLHash.framework in Copy Frameworks */,
			);
			name = "Copy Frameworks";
			runOnlyForDeploymentPostprocessing = 0;
		};
		CD3D74541CA293E40021FC36 /* Embed Frameworks */ = {
			isa = PBXCopyFilesBuildPhase;
			buildActionMask = 2147483647;
			dstPath = "";
			dstSubfolderSpec = 10;
			files = (
				3169C15B1CA2EE36009828E2 /* SWXMLHash.framework in Embed Frameworks */,
				3169C1591CA2EE36009828E2 /* SourceKittenFramework.framework in Embed Frameworks */,
			);
			name = "Embed Frameworks";
			runOnlyForDeploymentPostprocessing = 0;
		};
/* End PBXCopyFilesBuildPhase section */

/* Begin PBXFileReference section */
		3169C11B1CA2E9FE009828E2 /* Assets.xcassets */ = {isa = PBXFileReference; lastKnownFileType = folder.assetcatalog; path = Assets.xcassets; sourceTree = "<group>"; };
		3169C12E1CA2E9FE009828E2 /* Info.plist */ = {isa = PBXFileReference; fileEncoding = 4; lastKnownFileType = text.plist.xml; path = Info.plist; sourceTree = "<group>"; };
		3169C12F1CA2E9FE009828E2 /* main.swift */ = {isa = PBXFileReference; fileEncoding = 4; lastKnownFileType = sourcecode.swift; path = main.swift; sourceTree = "<group>"; };
		3169C1431CA2EC36009828E2 /* CodeGenTests.xctest */ = {isa = PBXFileReference; explicitFileType = wrapper.cfbundle; includeInIndex = 0; path = CodeGenTests.xctest; sourceTree = BUILT_PRODUCTS_DIR; };
		3169C1471CA2EC36009828E2 /* Info.plist */ = {isa = PBXFileReference; lastKnownFileType = text.plist.xml; path = Info.plist; sourceTree = "<group>"; };
		3169C1501CA2EE2E009828E2 /* SourceKittenFramework.framework */ = {isa = PBXFileReference; lastKnownFileType = wrapper.framework; name = SourceKittenFramework.framework; path = Carthage/Build/Mac/SourceKittenFramework.framework; sourceTree = SOURCE_ROOT; };
		3169C1511CA2EE2E009828E2 /* SourceKittenFramework.framework.dSYM */ = {isa = PBXFileReference; lastKnownFileType = wrapper.dsym; name = SourceKittenFramework.framework.dSYM; path = Carthage/Build/Mac/SourceKittenFramework.framework.dSYM; sourceTree = SOURCE_ROOT; };
		3169C1521CA2EE2E009828E2 /* SWXMLHash.framework */ = {isa = PBXFileReference; lastKnownFileType = wrapper.framework; name = SWXMLHash.framework; path = Carthage/Build/Mac/SWXMLHash.framework; sourceTree = SOURCE_ROOT; };
		3169C1531CA2EE2E009828E2 /* SWXMLHash.framework.dSYM */ = {isa = PBXFileReference; lastKnownFileType = wrapper.dsym; name = SWXMLHash.framework.dSYM; path = Carthage/Build/Mac/SWXMLHash.framework.dSYM; sourceTree = SOURCE_ROOT; };
		3169C15D1CA2F138009828E2 /* Array+MW.swift */ = {isa = PBXFileReference; fileEncoding = 4; lastKnownFileType = sourcecode.swift; path = "Array+MW.swift"; sourceTree = "<group>"; };
		3169C15E1CA2F138009828E2 /* Dictionary+MW.swift */ = {isa = PBXFileReference; fileEncoding = 4; lastKnownFileType = sourcecode.swift; path = "Dictionary+MW.swift"; sourceTree = "<group>"; };
		3169C15F1CA2F138009828E2 /* String+MW.swift */ = {isa = PBXFileReference; fileEncoding = 4; lastKnownFileType = sourcecode.swift; path = "String+MW.swift"; sourceTree = "<group>"; };
		3169C1611CA2F138009828E2 /* Extractor.swift */ = {isa = PBXFileReference; fileEncoding = 4; lastKnownFileType = sourcecode.swift; path = Extractor.swift; sourceTree = "<group>"; };
		3169C1621CA2F138009828E2 /* ExtractorModels.swift */ = {isa = PBXFileReference; fileEncoding = 4; lastKnownFileType = sourcecode.swift; path = ExtractorModels.swift; sourceTree = "<group>"; };
		3169C1641CA2F138009828E2 /* Generator.swift */ = {isa = PBXFileReference; fileEncoding = 4; lastKnownFileType = sourcecode.swift; path = Generator.swift; sourceTree = "<group>"; };
		3169C1671CA2F138009828E2 /* Utils.swift */ = {isa = PBXFileReference; fileEncoding = 4; lastKnownFileType = sourcecode.swift; path = Utils.swift; sourceTree = "<group>"; };
		3169C1701CA2F168009828E2 /* IntegrationTests.swift */ = {isa = PBXFileReference; fileEncoding = 4; lastKnownFileType = sourcecode.swift; path = IntegrationTests.swift; sourceTree = "<group>"; };
		317D2D9E1CA3066300305424 /* MainMenu.xib */ = {isa = PBXFileReference; fileEncoding = 4; lastKnownFileType = file.xib; path = MainMenu.xib; sourceTree = "<group>"; };
		379E1AFE4C92D4DC50969364 /* Pods-CodeGen.release.xcconfig */ = {isa = PBXFileReference; includeInIndex = 1; lastKnownFileType = text.xcconfig; name = "Pods-CodeGen.release.xcconfig"; path = "Pods/Target Support Files/Pods-CodeGen/Pods-CodeGen.release.xcconfig"; sourceTree = "<group>"; };
		4D4800A51CFEF2100087C474 /* ComplexEnum.fixture */ = {isa = PBXFileReference; fileEncoding = 4; lastKnownFileType = text; name = ComplexEnum.fixture; path = Fixtures/ComplexEnum.fixture; sourceTree = "<group>"; };
		4D4800A71CFEF9F20087C474 /* Immutable.stencil */ = {isa = PBXFileReference; fileEncoding = 4; lastKnownFileType = text; path = Immutable.stencil; sourceTree = "<group>"; };
		4D4800A91CFEF9F80087C474 /* AutoEquatable.stencil */ = {isa = PBXFileReference; fileEncoding = 4; lastKnownFileType = text; path = AutoEquatable.stencil; sourceTree = "<group>"; };
		4D4800AC1CFEFB130087C474 /* ImmutableSimpleResult.fixture */ = {isa = PBXFileReference; fileEncoding = 4; lastKnownFileType = text; path = ImmutableSimpleResult.fixture; sourceTree = "<group>"; };
		4D4800AE1CFEFB6B0087C474 /* ImmutableComplexResult.fixture */ = {isa = PBXFileReference; fileEncoding = 4; lastKnownFileType = text; path = ImmutableComplexResult.fixture; sourceTree = "<group>"; };
		4D4800B41CFF024A0087C474 /* AutoEquatableComplexResult.fixture */ = {isa = PBXFileReference; fileEncoding = 4; lastKnownFileType = text; path = AutoEquatableComplexResult.fixture; sourceTree = "<group>"; };
		4D4800B61CFF02770087C474 /* AutoEquatableComplexSource.fixture */ = {isa = PBXFileReference; fileEncoding = 4; lastKnownFileType = text; path = AutoEquatableComplexSource.fixture; sourceTree = "<group>"; };
		4D757F101CFAE9A40053A20A /* GeneratorModels.swift */ = {isa = PBXFileReference; fileEncoding = 4; lastKnownFileType = sourcecode.swift; path = GeneratorModels.swift; sourceTree = "<group>"; };
		4D99867A1CFDD41E00C2BEB8 /* ExtractorTests.swift */ = {isa = PBXFileReference; fileEncoding = 4; lastKnownFileType = sourcecode.swift; path = ExtractorTests.swift; sourceTree = "<group>"; };
		4D99867C1CFDD48A00C2BEB8 /* SimpleEnum.fixture */ = {isa = PBXFileReference; fileEncoding = 4; lastKnownFileType = text; name = SimpleEnum.fixture; path = Fixtures/SimpleEnum.fixture; sourceTree = "<group>"; };
		4D99867E1CFDD50100C2BEB8 /* XCTest+MW.swift */ = {isa = PBXFileReference; fileEncoding = 4; lastKnownFileType = sourcecode.swift; path = "XCTest+MW.swift"; sourceTree = "<group>"; };
		4DC3C32A1CF7B29700D3702B /* SourceKitRepresentable+MW.swift */ = {isa = PBXFileReference; fileEncoding = 4; lastKnownFileType = sourcecode.swift; path = "SourceKitRepresentable+MW.swift"; sourceTree = "<group>"; };
		4DC3C32C1CF9F8FD00D3702B /* Set+MW.swift */ = {isa = PBXFileReference; fileEncoding = 4; lastKnownFileType = sourcecode.swift; path = "Set+MW.swift"; sourceTree = "<group>"; };
		4DCE86671CFEEA0E00A3E238 /* IndexExtractor.swift */ = {isa = PBXFileReference; fileEncoding = 4; lastKnownFileType = sourcecode.swift; path = IndexExtractor.swift; sourceTree = "<group>"; };
		4DCE86691CFEEA1A00A3E238 /* StructureExtractor.swift */ = {isa = PBXFileReference; fileEncoding = 4; lastKnownFileType = sourcecode.swift; path = StructureExtractor.swift; sourceTree = "<group>"; };
		8386F0DC3C1478B668A20C55 /* Pods-CodeGenTests.release.xcconfig */ = {isa = PBXFileReference; includeInIndex = 1; lastKnownFileType = text.xcconfig; name = "Pods-CodeGenTests.release.xcconfig"; path = "Pods/Target Support Files/Pods-CodeGenTests/Pods-CodeGenTests.release.xcconfig"; sourceTree = "<group>"; };
		882DB0D0D67C03F4A03F57D3 /* Pods_CodeGen.framework */ = {isa = PBXFileReference; explicitFileType = wrapper.framework; includeInIndex = 0; path = Pods_CodeGen.framework; sourceTree = BUILT_PRODUCTS_DIR; };
		88971BD574975569CCABC4F6 /* Pods-CodeGenTests.debug.xcconfig */ = {isa = PBXFileReference; includeInIndex = 1; lastKnownFileType = text.xcconfig; name = "Pods-CodeGenTests.debug.xcconfig"; path = "Pods/Target Support Files/Pods-CodeGenTests/Pods-CodeGenTests.debug.xcconfig"; sourceTree = "<group>"; };
		AC1EBF68C2F8803CC9C572D2 /* Pods_CodeGenTests.framework */ = {isa = PBXFileReference; explicitFileType = wrapper.framework; includeInIndex = 0; path = Pods_CodeGenTests.framework; sourceTree = BUILT_PRODUCTS_DIR; };
		C443619F8536E838B06875EE /* Pods-CodeGen.debug.xcconfig */ = {isa = PBXFileReference; includeInIndex = 1; lastKnownFileType = text.xcconfig; name = "Pods-CodeGen.debug.xcconfig"; path = "Pods/Target Support Files/Pods-CodeGen/Pods-CodeGen.debug.xcconfig"; sourceTree = "<group>"; };
		CD3D742F1CA2907D0021FC36 /* CodeGen.app */ = {isa = PBXFileReference; explicitFileType = wrapper.application; includeInIndex = 0; path = CodeGen.app; sourceTree = BUILT_PRODUCTS_DIR; };
		CDC6B28E1CA3FE1F0041517A /* ImmutableComplexSource.fixture */ = {isa = PBXFileReference; fileEncoding = 4; lastKnownFileType = text; path = ImmutableComplexSource.fixture; sourceTree = "<group>"; };
		E291DA17BA08E486EE4C788A /* ImmutableSimpleSource.fixture */ = {isa = PBXFileReference; lastKnownFileType = text; path = ImmutableSimpleSource.fixture; sourceTree = "<group>"; };
/* End PBXFileReference section */

/* Begin PBXFrameworksBuildPhase section */
		3169C1401CA2EC36009828E2 /* Frameworks */ = {
			isa = PBXFrameworksBuildPhase;
			buildActionMask = 2147483647;
			files = (
				3169C1781CA2F646009828E2 /* SourceKittenFramework.framework in Frameworks */,
				3169C1791CA2F646009828E2 /* SWXMLHash.framework in Frameworks */,
				CCD966357DA9707527CF5143 /* Pods_CodeGenTests.framework in Frameworks */,
			);
			runOnlyForDeploymentPostprocessing = 0;
		};
		CD3D742C1CA2907D0021FC36 /* Frameworks */ = {
			isa = PBXFrameworksBuildPhase;
			buildActionMask = 2147483647;
			files = (
				3169C15A1CA2EE36009828E2 /* SWXMLHash.framework in Frameworks */,
				3169C1581CA2EE36009828E2 /* SourceKittenFramework.framework in Frameworks */,
				0219A1C470C3772AC33A178D /* Pods_CodeGen.framework in Frameworks */,
			);
			runOnlyForDeploymentPostprocessing = 0;
		};
/* End PBXFrameworksBuildPhase section */

/* Begin PBXGroup section */
		3169C11A1CA2E9FE009828E2 /* CodeGen */ = {
			isa = PBXGroup;
			children = (
				3169C15C1CA2F138009828E2 /* Extensions */,
				3169C1601CA2F138009828E2 /* Extraction */,
				3169C1631CA2F138009828E2 /* Generators */,
				3169C1661CA2F138009828E2 /* Utils */,
				3169C11B1CA2E9FE009828E2 /* Assets.xcassets */,
				3169C12E1CA2E9FE009828E2 /* Info.plist */,
				3169C12F1CA2E9FE009828E2 /* main.swift */,
				317D2D9E1CA3066300305424 /* MainMenu.xib */,
			);
			path = CodeGen;
			sourceTree = "<group>";
		};
		3169C1441CA2EC36009828E2 /* CodeGenTests */ = {
			isa = PBXGroup;
			children = (
				4D4800AB1CFEF9FC0087C474 /* Stencils */,
				4D9986801CFDE44800C2BEB8 /* UnitTestFixtures */,
				E291D2AC757AA623334D9708 /* IntegrationFixtures */,
				3169C1701CA2F168009828E2 /* IntegrationTests.swift */,
				4D99867A1CFDD41E00C2BEB8 /* ExtractorTests.swift */,
				4D99867E1CFDD50100C2BEB8 /* XCTest+MW.swift */,
				3169C1471CA2EC36009828E2 /* Info.plist */,
			);
			path = CodeGenTests;
			sourceTree = "<group>";
		};
		3169C14F1CA2EE16009828E2 /* Frameworks */ = {
			isa = PBXGroup;
			children = (
				3169C1501CA2EE2E009828E2 /* SourceKittenFramework.framework */,
				3169C1511CA2EE2E009828E2 /* SourceKittenFramework.framework.dSYM */,
				3169C1521CA2EE2E009828E2 /* SWXMLHash.framework */,
				3169C1531CA2EE2E009828E2 /* SWXMLHash.framework.dSYM */,
				882DB0D0D67C03F4A03F57D3 /* Pods_CodeGen.framework */,
				AC1EBF68C2F8803CC9C572D2 /* Pods_CodeGenTests.framework */,
			);
			name = Frameworks;
			path = CodeGen;
			sourceTree = "<group>";
		};
		3169C15C1CA2F138009828E2 /* Extensions */ = {
			isa = PBXGroup;
			children = (
				3169C15D1CA2F138009828E2 /* Array+MW.swift */,
				4DC3C32C1CF9F8FD00D3702B /* Set+MW.swift */,
				3169C15E1CA2F138009828E2 /* Dictionary+MW.swift */,
				3169C15F1CA2F138009828E2 /* String+MW.swift */,
				4DC3C32A1CF7B29700D3702B /* SourceKitRepresentable+MW.swift */,
			);
			path = Extensions;
			sourceTree = "<group>";
		};
		3169C1601CA2F138009828E2 /* Extraction */ = {
			isa = PBXGroup;
			children = (
				3169C1611CA2F138009828E2 /* Extractor.swift */,
				4DCE86671CFEEA0E00A3E238 /* IndexExtractor.swift */,
				4DCE86691CFEEA1A00A3E238 /* StructureExtractor.swift */,
				3169C1621CA2F138009828E2 /* ExtractorModels.swift */,
			);
			path = Extraction;
			sourceTree = "<group>";
		};
		3169C1631CA2F138009828E2 /* Generators */ = {
			isa = PBXGroup;
			children = (
				3169C1641CA2F138009828E2 /* Generator.swift */,
				4D757F101CFAE9A40053A20A /* GeneratorModels.swift */,
			);
			path = Generators;
			sourceTree = "<group>";
		};
		3169C1661CA2F138009828E2 /* Utils */ = {
			isa = PBXGroup;
			children = (
				3169C1671CA2F138009828E2 /* Utils.swift */,
			);
			path = Utils;
			sourceTree = "<group>";
		};
		4D4800AB1CFEF9FC0087C474 /* Stencils */ = {
			isa = PBXGroup;
			children = (
				4D4800A91CFEF9F80087C474 /* AutoEquatable.stencil */,
				4D4800A71CFEF9F20087C474 /* Immutable.stencil */,
			);
			name = Stencils;
			path = Fixtures;
			sourceTree = "<group>";
		};
		4D9986801CFDE44800C2BEB8 /* UnitTestFixtures */ = {
			isa = PBXGroup;
			children = (
				4D99867C1CFDD48A00C2BEB8 /* SimpleEnum.fixture */,
				4D4800A51CFEF2100087C474 /* ComplexEnum.fixture */,
			);
			name = UnitTestFixtures;
			sourceTree = "<group>";
		};
		CD3D74261CA2907D0021FC36 = {
			isa = PBXGroup;
			children = (
				3169C14F1CA2EE16009828E2 /* Frameworks */,
				3169C11A1CA2E9FE009828E2 /* CodeGen */,
				3169C1441CA2EC36009828E2 /* CodeGenTests */,
				CD3D74301CA2907D0021FC36 /* Products */,
				E059F076E05E2810C278DFDA /* Pods */,
			);
			sourceTree = "<group>";
		};
		CD3D74301CA2907D0021FC36 /* Products */ = {
			isa = PBXGroup;
			children = (
				CD3D742F1CA2907D0021FC36 /* CodeGen.app */,
				3169C1431CA2EC36009828E2 /* CodeGenTests.xctest */,
			);
			name = Products;
			sourceTree = "<group>";
		};
		E059F076E05E2810C278DFDA /* Pods */ = {
			isa = PBXGroup;
			children = (
				88971BD574975569CCABC4F6 /* Pods-CodeGenTests.debug.xcconfig */,
				8386F0DC3C1478B668A20C55 /* Pods-CodeGenTests.release.xcconfig */,
				C443619F8536E838B06875EE /* Pods-CodeGen.debug.xcconfig */,
				379E1AFE4C92D4DC50969364 /* Pods-CodeGen.release.xcconfig */,
			);
			name = Pods;
			sourceTree = "<group>";
		};
		E291D2AC757AA623334D9708 /* IntegrationFixtures */ = {
			isa = PBXGroup;
			children = (
				4D4800B61CFF02770087C474 /* AutoEquatableComplexSource.fixture */,
				4D4800B41CFF024A0087C474 /* AutoEquatableComplexResult.fixture */,
				E291DA17BA08E486EE4C788A /* ImmutableSimpleSource.fixture */,
				4D4800AC1CFEFB130087C474 /* ImmutableSimpleResult.fixture */,
				CDC6B28E1CA3FE1F0041517A /* ImmutableComplexSource.fixture */,
				4D4800AE1CFEFB6B0087C474 /* ImmutableComplexResult.fixture */,
			);
			name = IntegrationFixtures;
			path = Fixtures;
			sourceTree = "<group>";
		};
/* End PBXGroup section */

/* Begin PBXNativeTarget section */
		3169C1421CA2EC36009828E2 /* CodeGenTests */ = {
			isa = PBXNativeTarget;
			buildConfigurationList = 3169C14A1CA2EC36009828E2 /* Build configuration list for PBXNativeTarget "CodeGenTests" */;
			buildPhases = (
				7248147F34E9E60311E4421A /* 📦 Check Pods Manifest.lock */,
				6A3F23E21092DBE76BDD5378 /* uD83DuDCE6 Check Pods Manifest.lock */,
				FD5CD84967BD6E9E7D580981 /* uD83DuDCE6 Check Pods Manifest.lock */,
				3169C13F1CA2EC36009828E2 /* Sources */,
				3169C1401CA2EC36009828E2 /* Frameworks */,
				3169C1411CA2EC36009828E2 /* Resources */,
				3169C1741CA2F1AB009828E2 /* Copy Frameworks */,
				A1F7238090A5CD21A00BCF54 /* uD83DuDCE6 Embed Pods Frameworks */,
				4BC480CB8EDBE9E0C8BA838C /* uD83DuDCE6 Copy Pods Resources */,
				C6D16E237345C1334EEF2197 /* uD83DuDCE6 Embed Pods Frameworks */,
				6D39D557C92CC7A256EB5325 /* uD83DuDCE6 Copy Pods Resources */,
				BECFDFD8B22C7C73EBD0E985 /* 📦 Embed Pods Frameworks */,
				7247665C14610E150E0401E4 /* 📦 Copy Pods Resources */,
			);
			buildRules = (
			);
			dependencies = (
				3169C1491CA2EC36009828E2 /* PBXTargetDependency */,
			);
			name = CodeGenTests;
			productName = CodeGenTests;
			productReference = 3169C1431CA2EC36009828E2 /* CodeGenTests.xctest */;
			productType = "com.apple.product-type.bundle.unit-test";
		};
		CD3D742E1CA2907D0021FC36 /* CodeGen */ = {
			isa = PBXNativeTarget;
			buildConfigurationList = CD3D743C1CA2907D0021FC36 /* Build configuration list for PBXNativeTarget "CodeGen" */;
			buildPhases = (
				9B53417821961389EEE6B722 /* 📦 Check Pods Manifest.lock */,
				CD3D742B1CA2907D0021FC36 /* Sources */,
				CD3D742C1CA2907D0021FC36 /* Frameworks */,
				CD3D742D1CA2907D0021FC36 /* Resources */,
				CD3D74541CA293E40021FC36 /* Embed Frameworks */,
				2E20555FAE4AFF9E072B4636 /* 📦 Embed Pods Frameworks */,
				24F516E04851146E69C0B6F9 /* 📦 Copy Pods Resources */,
			);
			buildRules = (
			);
			dependencies = (
			);
			name = CodeGen;
			productName = "codegen-cli";
			productReference = CD3D742F1CA2907D0021FC36 /* CodeGen.app */;
			productType = "com.apple.product-type.application";
		};
/* End PBXNativeTarget section */

/* Begin PBXProject section */
		CD3D74271CA2907D0021FC36 /* Project object */ = {
			isa = PBXProject;
			attributes = {
				LastSwiftUpdateCheck = 0730;
				LastUpgradeCheck = 0730;
				ORGANIZATIONNAME = Momentumworks;
				TargetAttributes = {
					3169C1421CA2EC36009828E2 = {
						CreatedOnToolsVersion = 7.3;
						TestTargetID = CD3D742E1CA2907D0021FC36;
					};
					CD3D742E1CA2907D0021FC36 = {
						CreatedOnToolsVersion = 7.3;
					};
				};
			};
			buildConfigurationList = CD3D742A1CA2907D0021FC36 /* Build configuration list for PBXProject "CodeGen" */;
			compatibilityVersion = "Xcode 3.2";
			developmentRegion = English;
			hasScannedForEncodings = 0;
			knownRegions = (
				en,
				Base,
			);
			mainGroup = CD3D74261CA2907D0021FC36;
			productRefGroup = CD3D74301CA2907D0021FC36 /* Products */;
			projectDirPath = "";
			projectRoot = "";
			targets = (
				CD3D742E1CA2907D0021FC36 /* CodeGen */,
				3169C1421CA2EC36009828E2 /* CodeGenTests */,
			);
		};
/* End PBXProject section */

/* Begin PBXResourcesBuildPhase section */
		3169C1411CA2EC36009828E2 /* Resources */ = {
			isa = PBXResourcesBuildPhase;
			buildActionMask = 2147483647;
			files = (
				4D4800A61CFEF2100087C474 /* ComplexEnum.fixture in Resources */,
				4D4800AD1CFEFB130087C474 /* ImmutableSimpleResult.fixture in Resources */,
				4D4800B51CFF024A0087C474 /* AutoEquatableComplexResult.fixture in Resources */,
				4D4800A81CFEF9F20087C474 /* Immutable.stencil in Resources */,
				4D4800B71CFF02770087C474 /* AutoEquatableComplexSource.fixture in Resources */,
				317D2DA01CA306BE00305424 /* MainMenu.xib in Resources */,
				CDC6B2901CA3FE1F0041517A /* ImmutableComplexSource.fixture in Resources */,
				4D4800AF1CFEFB6B0087C474 /* ImmutableComplexResult.fixture in Resources */,
				4D4800AA1CFEF9F80087C474 /* AutoEquatable.stencil in Resources */,
				E291D17344B4163D9A5100F4 /* ImmutableSimpleSource.fixture in Resources */,
				4D99867D1CFDD48A00C2BEB8 /* SimpleEnum.fixture in Resources */,
			);
			runOnlyForDeploymentPostprocessing = 0;
		};
		CD3D742D1CA2907D0021FC36 /* Resources */ = {
			isa = PBXResourcesBuildPhase;
			buildActionMask = 2147483647;
			files = (
				3169C1301CA2E9FE009828E2 /* Assets.xcassets in Resources */,
				3169C1551CA2EE2E009828E2 /* SourceKittenFramework.framework.dSYM in Resources */,
				3169C1571CA2EE2E009828E2 /* SWXMLHash.framework.dSYM in Resources */,
				317D2D9F1CA3066300305424 /* MainMenu.xib in Resources */,
			);
			runOnlyForDeploymentPostprocessing = 0;
		};
/* End PBXResourcesBuildPhase section */

/* Begin PBXShellScriptBuildPhase section */
		24F516E04851146E69C0B6F9 /* 📦 Copy Pods Resources */ = {
			isa = PBXShellScriptBuildPhase;
			buildActionMask = 2147483647;
			files = (
			);
			inputPaths = (
			);
			name = "📦 Copy Pods Resources";
			outputPaths = (
			);
			runOnlyForDeploymentPostprocessing = 0;
			shellPath = /bin/sh;
			shellScript = "\"${SRCROOT}/Pods/Target Support Files/Pods-CodeGen/Pods-CodeGen-resources.sh\"\n";
			showEnvVarsInLog = 0;
		};
		2E20555FAE4AFF9E072B4636 /* 📦 Embed Pods Frameworks */ = {
			isa = PBXShellScriptBuildPhase;
			buildActionMask = 2147483647;
			files = (
			);
			inputPaths = (
			);
			name = "📦 Embed Pods Frameworks";
			outputPaths = (
			);
			runOnlyForDeploymentPostprocessing = 0;
			shellPath = /bin/sh;
			shellScript = "\"${SRCROOT}/Pods/Target Support Files/Pods-CodeGen/Pods-CodeGen-frameworks.sh\"\n";
			showEnvVarsInLog = 0;
		};
		4BC480CB8EDBE9E0C8BA838C /* uD83DuDCE6 Copy Pods Resources */ = {
			isa = PBXShellScriptBuildPhase;
			buildActionMask = 2147483647;
			files = (
			);
			inputPaths = (
			);
			name = "uD83DuDCE6 Copy Pods Resources";
			outputPaths = (
			);
			runOnlyForDeploymentPostprocessing = 0;
			shellPath = /bin/sh;
			shellScript = "\"${SRCROOT}/Pods/Target Support Files/Pods-CodeGenTests/Pods-CodeGenTests-resources.sh\"\n";
			showEnvVarsInLog = 0;
		};
		6A3F23E21092DBE76BDD5378 /* uD83DuDCE6 Check Pods Manifest.lock */ = {
			isa = PBXShellScriptBuildPhase;
			buildActionMask = 2147483647;
			files = (
			);
			inputPaths = (
			);
			name = "uD83DuDCE6 Check Pods Manifest.lock";
			outputPaths = (
			);
			runOnlyForDeploymentPostprocessing = 0;
			shellPath = /bin/sh;
			shellScript = "diff \"${PODS_ROOT}/../Podfile.lock\" \"${PODS_ROOT}/Manifest.lock\" > /dev/null\nif [[ $? != 0 ]] ; then\n    cat << EOM\nerror: The sandbox is not in sync with the Podfile.lock. Run 'pod install' or update your CocoaPods installation.\nEOM\n    exit 1\nfi\n";
			showEnvVarsInLog = 0;
		};
		6D39D557C92CC7A256EB5325 /* uD83DuDCE6 Copy Pods Resources */ = {
			isa = PBXShellScriptBuildPhase;
			buildActionMask = 2147483647;
			files = (
			);
			inputPaths = (
			);
			name = "uD83DuDCE6 Copy Pods Resources";
			outputPaths = (
			);
			runOnlyForDeploymentPostprocessing = 0;
			shellPath = /bin/sh;
			shellScript = "\"${SRCROOT}/Pods/Target Support Files/Pods-CodeGenTests/Pods-CodeGenTests-resources.sh\"\n";
			showEnvVarsInLog = 0;
		};
		7247665C14610E150E0401E4 /* 📦 Copy Pods Resources */ = {
			isa = PBXShellScriptBuildPhase;
			buildActionMask = 2147483647;
			files = (
			);
			inputPaths = (
			);
			name = "📦 Copy Pods Resources";
			outputPaths = (
			);
			runOnlyForDeploymentPostprocessing = 0;
			shellPath = /bin/sh;
			shellScript = "\"${SRCROOT}/Pods/Target Support Files/Pods-CodeGenTests/Pods-CodeGenTests-resources.sh\"\n";
			showEnvVarsInLog = 0;
		};
		7248147F34E9E60311E4421A /* 📦 Check Pods Manifest.lock */ = {
			isa = PBXShellScriptBuildPhase;
			buildActionMask = 2147483647;
			files = (
			);
			inputPaths = (
			);
			name = "📦 Check Pods Manifest.lock";
			outputPaths = (
			);
			runOnlyForDeploymentPostprocessing = 0;
			shellPath = /bin/sh;
			shellScript = "diff \"${PODS_ROOT}/../Podfile.lock\" \"${PODS_ROOT}/Manifest.lock\" > /dev/null\nif [[ $? != 0 ]] ; then\n    cat << EOM\nerror: The sandbox is not in sync with the Podfile.lock. Run 'pod install' or update your CocoaPods installation.\nEOM\n    exit 1\nfi\n";
			showEnvVarsInLog = 0;
		};
		9B53417821961389EEE6B722 /* 📦 Check Pods Manifest.lock */ = {
			isa = PBXShellScriptBuildPhase;
			buildActionMask = 2147483647;
			files = (
			);
			inputPaths = (
			);
			name = "📦 Check Pods Manifest.lock";
			outputPaths = (
			);
			runOnlyForDeploymentPostprocessing = 0;
			shellPath = /bin/sh;
			shellScript = "diff \"${PODS_ROOT}/../Podfile.lock\" \"${PODS_ROOT}/Manifest.lock\" > /dev/null\nif [[ $? != 0 ]] ; then\n    cat << EOM\nerror: The sandbox is not in sync with the Podfile.lock. Run 'pod install' or update your CocoaPods installation.\nEOM\n    exit 1\nfi\n";
			showEnvVarsInLog = 0;
		};
		A1F7238090A5CD21A00BCF54 /* uD83DuDCE6 Embed Pods Frameworks */ = {
			isa = PBXShellScriptBuildPhase;
			buildActionMask = 2147483647;
			files = (
			);
			inputPaths = (
			);
			name = "uD83DuDCE6 Embed Pods Frameworks";
			outputPaths = (
			);
			runOnlyForDeploymentPostprocessing = 0;
			shellPath = /bin/sh;
			shellScript = "\"${SRCROOT}/Pods/Target Support Files/Pods-CodeGenTests/Pods-CodeGenTests-frameworks.sh\"\n";
			showEnvVarsInLog = 0;
		};
		BECFDFD8B22C7C73EBD0E985 /* 📦 Embed Pods Frameworks */ = {
			isa = PBXShellScriptBuildPhase;
			buildActionMask = 2147483647;
			files = (
			);
			inputPaths = (
			);
			name = "📦 Embed Pods Frameworks";
			outputPaths = (
			);
			runOnlyForDeploymentPostprocessing = 0;
			shellPath = /bin/sh;
			shellScript = "\"${SRCROOT}/Pods/Target Support Files/Pods-CodeGenTests/Pods-CodeGenTests-frameworks.sh\"\n";
			showEnvVarsInLog = 0;
		};
		C6D16E237345C1334EEF2197 /* uD83DuDCE6 Embed Pods Frameworks */ = {
			isa = PBXShellScriptBuildPhase;
			buildActionMask = 2147483647;
			files = (
			);
			inputPaths = (
			);
			name = "uD83DuDCE6 Embed Pods Frameworks";
			outputPaths = (
			);
			runOnlyForDeploymentPostprocessing = 0;
			shellPath = /bin/sh;
			shellScript = "\"${SRCROOT}/Pods/Target Support Files/Pods-CodeGenTests/Pods-CodeGenTests-frameworks.sh\"\n";
			showEnvVarsInLog = 0;
		};
		FD5CD84967BD6E9E7D580981 /* uD83DuDCE6 Check Pods Manifest.lock */ = {
			isa = PBXShellScriptBuildPhase;
			buildActionMask = 2147483647;
			files = (
			);
			inputPaths = (
			);
			name = "uD83DuDCE6 Check Pods Manifest.lock";
			outputPaths = (
			);
			runOnlyForDeploymentPostprocessing = 0;
			shellPath = /bin/sh;
			shellScript = "diff \"${PODS_ROOT}/../Podfile.lock\" \"${PODS_ROOT}/Manifest.lock\" > /dev/null\nif [[ $? != 0 ]] ; then\n    cat << EOM\nerror: The sandbox is not in sync with the Podfile.lock. Run 'pod install' or update your CocoaPods installation.\nEOM\n    exit 1\nfi\n";
			showEnvVarsInLog = 0;
		};
/* End PBXShellScriptBuildPhase section */

/* Begin PBXSourcesBuildPhase section */
		3169C13F1CA2EC36009828E2 /* Sources */ = {
			isa = PBXSourcesBuildPhase;
			buildActionMask = 2147483647;
			files = (
				4D99867B1CFDD41E00C2BEB8 /* ExtractorTests.swift in Sources */,
				3169C1721CA2F168009828E2 /* IntegrationTests.swift in Sources */,
				4D99867F1CFDD50100C2BEB8 /* XCTest+MW.swift in Sources */,
			);
			runOnlyForDeploymentPostprocessing = 0;
		};
		CD3D742B1CA2907D0021FC36 /* Sources */ = {
			isa = PBXSourcesBuildPhase;
			buildActionMask = 2147483647;
			files = (
				3169C16A1CA2F138009828E2 /* String+MW.swift in Sources */,
				3169C13E1CA2E9FE009828E2 /* main.swift in Sources */,
				4DC3C32B1CF7B29700D3702B /* SourceKitRepresentable+MW.swift in Sources */,
				4D757F111CFAE9A40053A20A /* GeneratorModels.swift in Sources */,
				3169C16F1CA2F138009828E2 /* Utils.swift in Sources */,
				3169C16B1CA2F138009828E2 /* Extractor.swift in Sources */,
				3169C1681CA2F138009828E2 /* Array+MW.swift in Sources */,
				4DCE86681CFEEA0E00A3E238 /* IndexExtractor.swift in Sources */,
				4DC3C32D1CF9F8FD00D3702B /* Set+MW.swift in Sources */,
				4DCE866A1CFEEA1A00A3E238 /* StructureExtractor.swift in Sources */,
				3169C16D1CA2F138009828E2 /* Generator.swift in Sources */,
				3169C16C1CA2F138009828E2 /* ExtractorModels.swift in Sources */,
				3169C1691CA2F138009828E2 /* Dictionary+MW.swift in Sources */,
			);
			runOnlyForDeploymentPostprocessing = 0;
		};
/* End PBXSourcesBuildPhase section */

/* Begin PBXTargetDependency section */
		3169C1491CA2EC36009828E2 /* PBXTargetDependency */ = {
			isa = PBXTargetDependency;
			target = CD3D742E1CA2907D0021FC36 /* CodeGen */;
			targetProxy = 3169C1481CA2EC36009828E2 /* PBXContainerItemProxy */;
		};
/* End PBXTargetDependency section */

/* Begin XCBuildConfiguration section */
		3169C14B1CA2EC36009828E2 /* Debug */ = {
			isa = XCBuildConfiguration;
			baseConfigurationReference = 88971BD574975569CCABC4F6 /* Pods-CodeGenTests.debug.xcconfig */;
			buildSettings = {
				BUNDLE_LOADER = "$(TEST_HOST)";
				CLANG_ENABLE_MODULES = YES;
				CODE_SIGN_IDENTITY = "-";
				COMBINE_HIDPI_IMAGES = YES;
				FRAMEWORK_SEARCH_PATHS = (
					"$(inherited)",
					"$(PROJECT_DIR)/Carthage/Build/Mac",
				);
				INFOPLIST_FILE = CodeGenTests/Info.plist;
				LD_RUNPATH_SEARCH_PATHS = "$(inherited) @executable_path/../Frameworks @loader_path/../Frameworks";
				PRODUCT_BUNDLE_IDENTIFIER = co.momentumworks.CodeGenTests;
				PRODUCT_NAME = "$(TARGET_NAME)";
				SWIFT_OPTIMIZATION_LEVEL = "-Onone";
				TEST_HOST = "$(BUILT_PRODUCTS_DIR)/CodeGen.app/Contents/MacOS/CodeGen";
			};
			name = Debug;
		};
		3169C14C1CA2EC36009828E2 /* Release */ = {
			isa = XCBuildConfiguration;
			baseConfigurationReference = 8386F0DC3C1478B668A20C55 /* Pods-CodeGenTests.release.xcconfig */;
			buildSettings = {
				BUNDLE_LOADER = "$(TEST_HOST)";
				CLANG_ENABLE_MODULES = YES;
				CODE_SIGN_IDENTITY = "-";
				COMBINE_HIDPI_IMAGES = YES;
				FRAMEWORK_SEARCH_PATHS = (
					"$(inherited)",
					"$(PROJECT_DIR)/Carthage/Build/Mac",
				);
				INFOPLIST_FILE = CodeGenTests/Info.plist;
				LD_RUNPATH_SEARCH_PATHS = "$(inherited) @executable_path/../Frameworks @loader_path/../Frameworks";
				PRODUCT_BUNDLE_IDENTIFIER = co.momentumworks.CodeGenTests;
				PRODUCT_NAME = "$(TARGET_NAME)";
				TEST_HOST = "$(BUILT_PRODUCTS_DIR)/CodeGen.app/Contents/MacOS/CodeGen";
			};
			name = Release;
		};
		CD3D743A1CA2907D0021FC36 /* Debug */ = {
			isa = XCBuildConfiguration;
			buildSettings = {
				ALWAYS_SEARCH_USER_PATHS = NO;
				CLANG_ANALYZER_NONNULL = YES;
				CLANG_CXX_LANGUAGE_STANDARD = "gnu++0x";
				CLANG_CXX_LIBRARY = "libc++";
				CLANG_ENABLE_MODULES = YES;
				CLANG_ENABLE_OBJC_ARC = YES;
				CLANG_WARN_BOOL_CONVERSION = YES;
				CLANG_WARN_CONSTANT_CONVERSION = YES;
				CLANG_WARN_DIRECT_OBJC_ISA_USAGE = YES_ERROR;
				CLANG_WARN_EMPTY_BODY = YES;
				CLANG_WARN_ENUM_CONVERSION = YES;
				CLANG_WARN_INT_CONVERSION = YES;
				CLANG_WARN_OBJC_ROOT_CLASS = YES_ERROR;
				CLANG_WARN_UNREACHABLE_CODE = YES;
				CLANG_WARN__DUPLICATE_METHOD_MATCH = YES;
				CODE_SIGN_IDENTITY = "";
				COPY_PHASE_STRIP = NO;
				DEBUG_INFORMATION_FORMAT = dwarf;
				EMBEDDED_CONTENT_CONTAINS_SWIFT = YES;
				ENABLE_STRICT_OBJC_MSGSEND = YES;
				ENABLE_TESTABILITY = YES;
				GCC_C_LANGUAGE_STANDARD = gnu99;
				GCC_DYNAMIC_NO_PIC = NO;
				GCC_NO_COMMON_BLOCKS = YES;
				GCC_OPTIMIZATION_LEVEL = 0;
				GCC_PREPROCESSOR_DEFINITIONS = (
					"DEBUG=1",
					"$(inherited)",
				);
				GCC_WARN_64_TO_32_BIT_CONVERSION = YES;
				GCC_WARN_ABOUT_RETURN_TYPE = YES_ERROR;
				GCC_WARN_UNDECLARED_SELECTOR = YES;
				GCC_WARN_UNINITIALIZED_AUTOS = YES_AGGRESSIVE;
				GCC_WARN_UNUSED_FUNCTION = YES;
				GCC_WARN_UNUSED_VARIABLE = YES;
				MACOSX_DEPLOYMENT_TARGET = 10.11;
				MTL_ENABLE_DEBUG_INFO = YES;
				ONLY_ACTIVE_ARCH = YES;
				SDKROOT = macosx;
				SWIFT_OPTIMIZATION_LEVEL = "-Onone";
			};
			name = Debug;
		};
		CD3D743B1CA2907D0021FC36 /* Release */ = {
			isa = XCBuildConfiguration;
			buildSettings = {
				ALWAYS_SEARCH_USER_PATHS = NO;
				CLANG_ANALYZER_NONNULL = YES;
				CLANG_CXX_LANGUAGE_STANDARD = "gnu++0x";
				CLANG_CXX_LIBRARY = "libc++";
				CLANG_ENABLE_MODULES = YES;
				CLANG_ENABLE_OBJC_ARC = YES;
				CLANG_WARN_BOOL_CONVERSION = YES;
				CLANG_WARN_CONSTANT_CONVERSION = YES;
				CLANG_WARN_DIRECT_OBJC_ISA_USAGE = YES_ERROR;
				CLANG_WARN_EMPTY_BODY = YES;
				CLANG_WARN_ENUM_CONVERSION = YES;
				CLANG_WARN_INT_CONVERSION = YES;
				CLANG_WARN_OBJC_ROOT_CLASS = YES_ERROR;
				CLANG_WARN_UNREACHABLE_CODE = YES;
				CLANG_WARN__DUPLICATE_METHOD_MATCH = YES;
				CODE_SIGN_IDENTITY = "";
				COPY_PHASE_STRIP = NO;
				DEBUG_INFORMATION_FORMAT = "dwarf-with-dsym";
				EMBEDDED_CONTENT_CONTAINS_SWIFT = YES;
				ENABLE_NS_ASSERTIONS = NO;
				ENABLE_STRICT_OBJC_MSGSEND = YES;
				GCC_C_LANGUAGE_STANDARD = gnu99;
				GCC_NO_COMMON_BLOCKS = YES;
				GCC_WARN_64_TO_32_BIT_CONVERSION = YES;
				GCC_WARN_ABOUT_RETURN_TYPE = YES_ERROR;
				GCC_WARN_UNDECLARED_SELECTOR = YES;
				GCC_WARN_UNINITIALIZED_AUTOS = YES_AGGRESSIVE;
				GCC_WARN_UNUSED_FUNCTION = YES;
				GCC_WARN_UNUSED_VARIABLE = YES;
				MACOSX_DEPLOYMENT_TARGET = 10.11;
				MTL_ENABLE_DEBUG_INFO = NO;
				SDKROOT = macosx;
			};
			name = Release;
		};
		CD3D743D1CA2907D0021FC36 /* Debug */ = {
			isa = XCBuildConfiguration;
			baseConfigurationReference = C443619F8536E838B06875EE /* Pods-CodeGen.debug.xcconfig */;
			buildSettings = {
				ASSETCATALOG_COMPILER_APPICON_NAME = AppIcon;
				COMBINE_HIDPI_IMAGES = YES;
				FRAMEWORK_SEARCH_PATHS = (
					"$(inherited)",
					"$(PROJECT_DIR)",
					"$(PROJECT_DIR)/Carthage/Build/Mac",
				);
				INFOPLIST_FILE = CodeGen/Info.plist;
				LD_RUNPATH_SEARCH_PATHS = "$(inherited) @executable_path/../Frameworks";
				PRODUCT_BUNDLE_IDENTIFIER = co.momentumworks.codegen;
				PRODUCT_NAME = "$(TARGET_NAME)";
			};
			name = Debug;
		};
		CD3D743E1CA2907D0021FC36 /* Release */ = {
			isa = XCBuildConfiguration;
			baseConfigurationReference = 379E1AFE4C92D4DC50969364 /* Pods-CodeGen.release.xcconfig */;
			buildSettings = {
				ASSETCATALOG_COMPILER_APPICON_NAME = AppIcon;
				COMBINE_HIDPI_IMAGES = YES;
				FRAMEWORK_SEARCH_PATHS = (
					"$(inherited)",
					"$(PROJECT_DIR)",
					"$(PROJECT_DIR)/Carthage/Build/Mac",
				);
				INFOPLIST_FILE = CodeGen/Info.plist;
				LD_RUNPATH_SEARCH_PATHS = "$(inherited) @executable_path/../Frameworks";
				PRODUCT_BUNDLE_IDENTIFIER = co.momentumworks.codegen;
				PRODUCT_NAME = "$(TARGET_NAME)";
			};
			name = Release;
		};
/* End XCBuildConfiguration section */

/* Begin XCConfigurationList section */
		3169C14A1CA2EC36009828E2 /* Build configuration list for PBXNativeTarget "CodeGenTests" */ = {
			isa = XCConfigurationList;
			buildConfigurations = (
				3169C14B1CA2EC36009828E2 /* Debug */,
				3169C14C1CA2EC36009828E2 /* Release */,
			);
			defaultConfigurationIsVisible = 0;
			defaultConfigurationName = Release;
		};
		CD3D742A1CA2907D0021FC36 /* Build configuration list for PBXProject "CodeGen" */ = {
			isa = XCConfigurationList;
			buildConfigurations = (
				CD3D743A1CA2907D0021FC36 /* Debug */,
				CD3D743B1CA2907D0021FC36 /* Release */,
			);
			defaultConfigurationIsVisible = 0;
			defaultConfigurationName = Release;
		};
		CD3D743C1CA2907D0021FC36 /* Build configuration list for PBXNativeTarget "CodeGen" */ = {
			isa = XCConfigurationList;
			buildConfigurations = (
				CD3D743D1CA2907D0021FC36 /* Debug */,
				CD3D743E1CA2907D0021FC36 /* Release */,
			);
			defaultConfigurationIsVisible = 0;
			defaultConfigurationName = Release;
		};
/* End XCConfigurationList section */
	};
	rootObject = CD3D74271CA2907D0021FC36 /* Project object */;
}
