// !$*UTF8*$!
{
	archiveVersion = 1;
	classes = {
	};
	objectVersion = 46;
	objects = {

/* Begin PBXBuildFile section */
		312DF6BD1CA19158002B0813 /* SourceKittenFramework.framework in CopyFiles */ = {isa = PBXBuildFile; fileRef = 312DF6BB1CA19158002B0813 /* SourceKittenFramework.framework */; settings = {ATTRIBUTES = (CodeSignOnCopy, RemoveHeadersOnCopy, ); }; };
		312DF6BE1CA19158002B0813 /* SWXMLHash.framework in CopyFiles */ = {isa = PBXBuildFile; fileRef = 312DF6BC1CA19158002B0813 /* SWXMLHash.framework */; settings = {ATTRIBUTES = (CodeSignOnCopy, RemoveHeadersOnCopy, ); }; };
		317EF87D1C9C53990070266C /* CodeGen.framework in Frameworks */ = {isa = PBXBuildFile; fileRef = 31E618A31C99A31400607130 /* CodeGen.framework */; };
		31E617EB1C997D6700607130 /* main.m in Sources */ = {isa = PBXBuildFile; fileRef = 31E617EA1C997D6700607130 /* main.m */; };
		31E618381C99837700607130 /* CodeGenCLI in Copy Files */ = {isa = PBXBuildFile; fileRef = 31E617E71C997D6700607130 /* CodeGenCLI */; settings = {ATTRIBUTES = (CodeSignOnCopy, ); }; };
		31E618A61C99A4D500607130 /* CodeGen.framework in CopyFiles */ = {isa = PBXBuildFile; fileRef = 31E618A31C99A31400607130 /* CodeGen.framework */; settings = {ATTRIBUTES = (CodeSignOnCopy, RemoveHeadersOnCopy, ); }; };
/* End PBXBuildFile section */

/* Begin PBXContainerItemProxy section */
		317EF87B1C9C538F0070266C /* PBXContainerItemProxy */ = {
			isa = PBXContainerItemProxy;
			containerPortal = 31E617DF1C997D6700607130 /* Project object */;
			proxyType = 1;
			remoteGlobalIDString = 31E617E61C997D6700607130;
			remoteInfo = CodeGenCLI;
		};
		31E618A21C99A31400607130 /* PBXContainerItemProxy */ = {
			isa = PBXContainerItemProxy;
			containerPortal = 31E6189D1C99A31400607130 /* CodeGen.xcodeproj */;
			proxyType = 2;
			remoteGlobalIDString = 31E6186B1C998CE200607130;
			remoteInfo = CodeGen;
		};
		31E618A41C99A31400607130 /* PBXContainerItemProxy */ = {
			isa = PBXContainerItemProxy;
			containerPortal = 31E6189D1C99A31400607130 /* CodeGen.xcodeproj */;
			proxyType = 2;
			remoteGlobalIDString = 31E618751C998CE200607130;
			remoteInfo = CodeGenTests;
		};
/* End PBXContainerItemProxy section */

/* Begin PBXCopyFilesBuildPhase section */
		31E617E51C997D6700607130 /* CopyFiles */ = {
			isa = PBXCopyFilesBuildPhase;
			buildActionMask = 2147483647;
			dstPath = "";
			dstSubfolderSpec = 6;
			files = (
			);
			runOnlyForDeploymentPostprocessing = 1;
		};
		31E618371C99835600607130 /* Copy Files */ = {
			isa = PBXCopyFilesBuildPhase;
			buildActionMask = 2147483647;
			dstPath = "";
			dstSubfolderSpec = 6;
			files = (
				31E618381C99837700607130 /* CodeGenCLI in Copy Files */,
			);
			name = "Copy Files";
			runOnlyForDeploymentPostprocessing = 0;
		};
		31E618391C99838700607130 /* CopyFiles */ = {
			isa = PBXCopyFilesBuildPhase;
			buildActionMask = 2147483647;
			dstPath = "";
			dstSubfolderSpec = 10;
			files = (
				31E618A61C99A4D500607130 /* CodeGen.framework in CopyFiles */,
				312DF6BD1CA19158002B0813 /* SourceKittenFramework.framework in CopyFiles */,
				312DF6BE1CA19158002B0813 /* SWXMLHash.framework in CopyFiles */,
			);
			runOnlyForDeploymentPostprocessing = 0;
		};
/* End PBXCopyFilesBuildPhase section */

/* Begin PBXFileReference section */
		312DF6BB1CA19158002B0813 /* SourceKittenFramework.framework */ = {isa = PBXFileReference; lastKnownFileType = wrapper.framework; name = SourceKittenFramework.framework; path = ../CodeGen/Carthage/Build/Mac/SourceKittenFramework.framework; sourceTree = "<group>"; };
		312DF6BC1CA19158002B0813 /* SWXMLHash.framework */ = {isa = PBXFileReference; lastKnownFileType = wrapper.framework; name = SWXMLHash.framework; path = ../CodeGen/Carthage/Build/Mac/SWXMLHash.framework; sourceTree = "<group>"; };
		31E617E71C997D6700607130 /* CodeGenCLI */ = {isa = PBXFileReference; explicitFileType = "compiled.mach-o.executable"; includeInIndex = 0; path = CodeGenCLI; sourceTree = BUILT_PRODUCTS_DIR; };
		31E617EA1C997D6700607130 /* main.m */ = {isa = PBXFileReference; lastKnownFileType = sourcecode.c.objc; path = main.m; sourceTree = "<group>"; };
		31E617F51C997DD900607130 /* CodeGenCLI.bundle */ = {isa = PBXFileReference; explicitFileType = wrapper.cfbundle; includeInIndex = 0; path = CodeGenCLI.bundle; sourceTree = BUILT_PRODUCTS_DIR; };
		31E617F71C997DDA00607130 /* Info.plist */ = {isa = PBXFileReference; lastKnownFileType = text.plist.xml; path = Info.plist; sourceTree = "<group>"; };
		31E6189D1C99A31400607130 /* CodeGen.xcodeproj */ = {isa = PBXFileReference; lastKnownFileType = "wrapper.pb-project"; name = CodeGen.xcodeproj; path = ../CodeGen/CodeGen.xcodeproj; sourceTree = "<group>"; };
/* End PBXFileReference section */

/* Begin PBXFrameworksBuildPhase section */
		31E617E41C997D6700607130 /* Frameworks */ = {
			isa = PBXFrameworksBuildPhase;
			buildActionMask = 2147483647;
			files = (
				317EF87D1C9C53990070266C /* CodeGen.framework in Frameworks */,
			);
			runOnlyForDeploymentPostprocessing = 0;
		};
		31E617F21C997DD900607130 /* Frameworks */ = {
			isa = PBXFrameworksBuildPhase;
			buildActionMask = 2147483647;
			files = (
			);
			runOnlyForDeploymentPostprocessing = 0;
		};
/* End PBXFrameworksBuildPhase section */

/* Begin PBXGroup section */
		31E617DE1C997D6700607130 = {
			isa = PBXGroup;
			children = (
				31E6183C1C9983BF00607130 /* Frameworks */,
				31E617E91C997D6700607130 /* CodeGenCLI */,
				31E617F61C997DDA00607130 /* CodeGenCLIBundle */,
				31E617E81C997D6700607130 /* Products */,
			);
			sourceTree = "<group>";
		};
		31E617E81C997D6700607130 /* Products */ = {
			isa = PBXGroup;
			children = (
				31E617E71C997D6700607130 /* CodeGenCLI */,
				31E617F51C997DD900607130 /* CodeGenCLI.bundle */,
			);
			name = Products;
			sourceTree = "<group>";
		};
		31E617E91C997D6700607130 /* CodeGenCLI */ = {
			isa = PBXGroup;
			children = (
				31E617EA1C997D6700607130 /* main.m */,
			);
			path = CodeGenCLI;
			sourceTree = "<group>";
		};
		31E617F61C997DDA00607130 /* CodeGenCLIBundle */ = {
			isa = PBXGroup;
			children = (
				31E617F71C997DDA00607130 /* Info.plist */,
			);
			path = CodeGenCLIBundle;
			sourceTree = "<group>";
		};
		31E6183C1C9983BF00607130 /* Frameworks */ = {
			isa = PBXGroup;
			children = (
				312DF6BB1CA19158002B0813 /* SourceKittenFramework.framework */,
				312DF6BC1CA19158002B0813 /* SWXMLHash.framework */,
				31E6189D1C99A31400607130 /* CodeGen.xcodeproj */,
			);
			name = Frameworks;
			sourceTree = "<group>";
		};
		31E6189E1C99A31400607130 /* Products */ = {
			isa = PBXGroup;
			children = (
				31E618A31C99A31400607130 /* CodeGen.framework */,
				31E618A51C99A31400607130 /* CodeGenTests.xctest */,
			);
			name = Products;
			sourceTree = "<group>";
		};
/* End PBXGroup section */

/* Begin PBXNativeTarget section */
		31E617E61C997D6700607130 /* CodeGenCLI */ = {
			isa = PBXNativeTarget;
			buildConfigurationList = 31E617EE1C997D6700607130 /* Build configuration list for PBXNativeTarget "CodeGenCLI" */;
			buildPhases = (
				31E617E31C997D6700607130 /* Sources */,
				31E617E41C997D6700607130 /* Frameworks */,
				31E617E51C997D6700607130 /* CopyFiles */,
			);
			buildRules = (
			);
			dependencies = (
			);
			name = CodeGenCLI;
			productName = CodeGenCLI;
			productReference = 31E617E71C997D6700607130 /* CodeGenCLI */;
			productType = "com.apple.product-type.tool";
		};
		31E617F41C997DD900607130 /* CodeGenCLIBundle */ = {
			isa = PBXNativeTarget;
			buildConfigurationList = 31E617F81C997DDA00607130 /* Build configuration list for PBXNativeTarget "CodeGenCLIBundle" */;
			buildPhases = (
				31E617F11C997DD900607130 /* Sources */,
				31E617F21C997DD900607130 /* Frameworks */,
				31E617F31C997DD900607130 /* Resources */,
				31E618371C99835600607130 /* Copy Files */,
				31E618391C99838700607130 /* CopyFiles */,
			);
			buildRules = (
			);
			dependencies = (
				317EF87C1C9C538F0070266C /* PBXTargetDependency */,
			);
			name = CodeGenCLIBundle;
			productName = CodeGenCLIBundle;
			productReference = 31E617F51C997DD900607130 /* CodeGenCLI.bundle */;
			productType = "com.apple.product-type.bundle";
		};
/* End PBXNativeTarget section */

/* Begin PBXProject section */
		31E617DF1C997D6700607130 /* Project object */ = {
			isa = PBXProject;
			attributes = {
				LastUpgradeCheck = 0720;
				ORGANIZATIONNAME = Momentumworks;
				TargetAttributes = {
					31E617E61C997D6700607130 = {
						CreatedOnToolsVersion = 7.2.1;
					};
					31E617F41C997DD900607130 = {
						CreatedOnToolsVersion = 7.2.1;
					};
				};
			};
			buildConfigurationList = 31E617E21C997D6700607130 /* Build configuration list for PBXProject "CodeGenCLI" */;
			compatibilityVersion = "Xcode 3.2";
			developmentRegion = English;
			hasScannedForEncodings = 0;
			knownRegions = (
				en,
			);
			mainGroup = 31E617DE1C997D6700607130;
			productRefGroup = 31E617E81C997D6700607130 /* Products */;
			projectDirPath = "";
			projectReferences = (
				{
					ProductGroup = 31E6189E1C99A31400607130 /* Products */;
					ProjectRef = 31E6189D1C99A31400607130 /* CodeGen.xcodeproj */;
				},
			);
			projectRoot = "";
			targets = (
				31E617E61C997D6700607130 /* CodeGenCLI */,
				31E617F41C997DD900607130 /* CodeGenCLIBundle */,
			);
		};
/* End PBXProject section */

/* Begin PBXReferenceProxy section */
		31E618A31C99A31400607130 /* CodeGen.framework */ = {
			isa = PBXReferenceProxy;
			fileType = wrapper.framework;
			path = CodeGen.framework;
			remoteRef = 31E618A21C99A31400607130 /* PBXContainerItemProxy */;
			sourceTree = BUILT_PRODUCTS_DIR;
		};
		31E618A51C99A31400607130 /* CodeGenTests.xctest */ = {
			isa = PBXReferenceProxy;
			fileType = wrapper.cfbundle;
			path = CodeGenTests.xctest;
			remoteRef = 31E618A41C99A31400607130 /* PBXContainerItemProxy */;
			sourceTree = BUILT_PRODUCTS_DIR;
		};
/* End PBXReferenceProxy section */

/* Begin PBXResourcesBuildPhase section */
		31E617F31C997DD900607130 /* Resources */ = {
			isa = PBXResourcesBuildPhase;
			buildActionMask = 2147483647;
			files = (
			);
			runOnlyForDeploymentPostprocessing = 0;
		};
/* End PBXResourcesBuildPhase section */

/* Begin PBXSourcesBuildPhase section */
		31E617E31C997D6700607130 /* Sources */ = {
			isa = PBXSourcesBuildPhase;
			buildActionMask = 2147483647;
			files = (
				31E617EB1C997D6700607130 /* main.m in Sources */,
			);
			runOnlyForDeploymentPostprocessing = 0;
		};
		31E617F11C997DD900607130 /* Sources */ = {
			isa = PBXSourcesBuildPhase;
			buildActionMask = 2147483647;
			files = (
			);
			runOnlyForDeploymentPostprocessing = 0;
		};
/* End PBXSourcesBuildPhase section */

/* Begin PBXTargetDependency section */
		317EF87C1C9C538F0070266C /* PBXTargetDependency */ = {
			isa = PBXTargetDependency;
			target = 31E617E61C997D6700607130 /* CodeGenCLI */;
			targetProxy = 317EF87B1C9C538F0070266C /* PBXContainerItemProxy */;
		};
/* End PBXTargetDependency section */

/* Begin XCBuildConfiguration section */
		31E617EC1C997D6700607130 /* Debug */ = {
			isa = XCBuildConfiguration;
			buildSettings = {
				ALWAYS_SEARCH_USER_PATHS = NO;
				CLANG_CXX_LANGUAGE_STANDARD = "gnu++0x";
				CLANG_CXX_LIBRARY = "libc++";
				CLANG_ENABLE_MODULES = YES;
				CLANG_ENABLE_OBJC_ARC = YES;
				CLANG_WARN_BOOL_CONVERSION = YES;
				CLANG_WARN_CONSTANT_CONVERSION = YES;
				CLANG_WARN_DIRECT_OBJC_ISA_USAGE = YES_ERROR;
				CLANG_WARN_EMPTY_BODY = YES;
				CLANG_WARN_ENUM_CONVERSION = YES;
				CLANG_WARN_INT_CONVERSION = YES;
				CLANG_WARN_OBJC_ROOT_CLASS = YES_ERROR;
				CLANG_WARN_UNREACHABLE_CODE = YES;
				CLANG_WARN__DUPLICATE_METHOD_MATCH = YES;
				CODE_SIGN_IDENTITY = "-";
				COPY_PHASE_STRIP = NO;
				DEBUG_INFORMATION_FORMAT = dwarf;
				ENABLE_STRICT_OBJC_MSGSEND = YES;
				ENABLE_TESTABILITY = YES;
				GCC_C_LANGUAGE_STANDARD = gnu99;
				GCC_DYNAMIC_NO_PIC = NO;
				GCC_NO_COMMON_BLOCKS = YES;
				GCC_OPTIMIZATION_LEVEL = 0;
				GCC_PREPROCESSOR_DEFINITIONS = (
					"DEBUG=1",
					"$(inherited)",
				);
				GCC_WARN_64_TO_32_BIT_CONVERSION = YES;
				GCC_WARN_ABOUT_RETURN_TYPE = YES_ERROR;
				GCC_WARN_UNDECLARED_SELECTOR = YES;
				GCC_WARN_UNINITIALIZED_AUTOS = YES_AGGRESSIVE;
				GCC_WARN_UNUSED_FUNCTION = YES;
				GCC_WARN_UNUSED_VARIABLE = YES;
				MACOSX_DEPLOYMENT_TARGET = 10.11;
				MTL_ENABLE_DEBUG_INFO = YES;
				ONLY_ACTIVE_ARCH = YES;
				SDKROOT = macosx;
				STRIP_INSTALLED_PRODUCT = YES;
			};
			name = Debug;
		};
		31E617ED1C997D6700607130 /* Release */ = {
			isa = XCBuildConfiguration;
			buildSettings = {
				ALWAYS_SEARCH_USER_PATHS = NO;
				CLANG_CXX_LANGUAGE_STANDARD = "gnu++0x";
				CLANG_CXX_LIBRARY = "libc++";
				CLANG_ENABLE_MODULES = YES;
				CLANG_ENABLE_OBJC_ARC = YES;
				CLANG_WARN_BOOL_CONVERSION = YES;
				CLANG_WARN_CONSTANT_CONVERSION = YES;
				CLANG_WARN_DIRECT_OBJC_ISA_USAGE = YES_ERROR;
				CLANG_WARN_EMPTY_BODY = YES;
				CLANG_WARN_ENUM_CONVERSION = YES;
				CLANG_WARN_INT_CONVERSION = YES;
				CLANG_WARN_OBJC_ROOT_CLASS = YES_ERROR;
				CLANG_WARN_UNREACHABLE_CODE = YES;
				CLANG_WARN__DUPLICATE_METHOD_MATCH = YES;
				CODE_SIGN_IDENTITY = "-";
				COPY_PHASE_STRIP = NO;
				DEBUG_INFORMATION_FORMAT = "dwarf-with-dsym";
				ENABLE_NS_ASSERTIONS = NO;
				ENABLE_STRICT_OBJC_MSGSEND = YES;
				GCC_C_LANGUAGE_STANDARD = gnu99;
				GCC_NO_COMMON_BLOCKS = YES;
				GCC_WARN_64_TO_32_BIT_CONVERSION = YES;
				GCC_WARN_ABOUT_RETURN_TYPE = YES_ERROR;
				GCC_WARN_UNDECLARED_SELECTOR = YES;
				GCC_WARN_UNINITIALIZED_AUTOS = YES_AGGRESSIVE;
				GCC_WARN_UNUSED_FUNCTION = YES;
				GCC_WARN_UNUSED_VARIABLE = YES;
				MACOSX_DEPLOYMENT_TARGET = 10.11;
				MTL_ENABLE_DEBUG_INFO = NO;
				SDKROOT = macosx;
				STRIP_INSTALLED_PRODUCT = YES;
			};
			name = Release;
		};
		31E617EF1C997D6700607130 /* Debug */ = {
			isa = XCBuildConfiguration;
			buildSettings = {
				CODE_SIGN_IDENTITY = "";
				EMBEDDED_CONTENT_CONTAINS_SWIFT = NO;
				LD_RUNPATH_SEARCH_PATHS = "$(inherited) @executable_path/../Frameworks @executable_path/$(PRODUCT_NAME).bundle/Contents/Frameworks /Library/Bundles/$(PRODUCT_NAME).bundle/Contents/Frameworks @executable_path/../../../Library/Bundles/$(PRODUCT_NAME).bundle/Contents/Frameworks";
				LIBRARY_SEARCH_PATHS = (
					"$(inherited)",
					"$(PROJECT_DIR)",
				);
				PRODUCT_NAME = "$(TARGET_NAME)";
			};
			name = Debug;
		};
		31E617F01C997D6700607130 /* Release */ = {
			isa = XCBuildConfiguration;
			buildSettings = {
				CODE_SIGN_IDENTITY = "";
				EMBEDDED_CONTENT_CONTAINS_SWIFT = NO;
				LD_RUNPATH_SEARCH_PATHS = "$(inherited) @executable_path/../Frameworks @executable_path/$(PRODUCT_NAME).bundle/Contents/Frameworks /Library/Bundles/$(PRODUCT_NAME).bundle/Contents/Frameworks @executable_path/../../../Library/Bundles/$(PRODUCT_NAME).bundle/Contents/Frameworks";
				LIBRARY_SEARCH_PATHS = (
					"$(inherited)",
					"$(PROJECT_DIR)",
				);
				PRODUCT_NAME = "$(TARGET_NAME)";
			};
			name = Release;
		};
		31E617F91C997DDA00607130 /* Debug */ = {
			isa = XCBuildConfiguration;
			buildSettings = {
				CODE_SIGN_IDENTITY = "";
				COMBINE_HIDPI_IMAGES = YES;
				EMBEDDED_CONTENT_CONTAINS_SWIFT = YES;
				FRAMEWORK_SEARCH_PATHS = (
					"$(inherited)",
					"$(PROJECT_DIR)/Carthage/Build/Mac",
				);
				INFOPLIST_FILE = CodeGenCLIBundle/Info.plist;
				INSTALL_PATH = "$(LOCAL_LIBRARY_DIR)/Bundles";
				LIBRARY_SEARCH_PATHS = (
					"$(inherited)",
					"$(PROJECT_DIR)",
				);
				PRODUCT_BUNDLE_IDENTIFIER = co.momentumworks.CodeGenCLIBundle;
				PRODUCT_NAME = CodeGenCLI;
				SKIP_INSTALL = NO;
				WRAPPER_EXTENSION = bundle;
			};
			name = Debug;
		};
		31E617FA1C997DDA00607130 /* Release */ = {
			isa = XCBuildConfiguration;
			buildSettings = {
				CODE_SIGN_IDENTITY = "";
				COMBINE_HIDPI_IMAGES = YES;
				EMBEDDED_CONTENT_CONTAINS_SWIFT = YES;
				FRAMEWORK_SEARCH_PATHS = (
					"$(inherited)",
					"$(PROJECT_DIR)/Carthage/Build/Mac",
				);
				INFOPLIST_FILE = CodeGenCLIBundle/Info.plist;
				INSTALL_PATH = "$(LOCAL_LIBRARY_DIR)/Bundles";
				LIBRARY_SEARCH_PATHS = (
					"$(inherited)",
					"$(PROJECT_DIR)",
				);
				PRODUCT_BUNDLE_IDENTIFIER = co.momentumworks.CodeGenCLIBundle;
				PRODUCT_NAME = CodeGenCLI;
				SKIP_INSTALL = NO;
				WRAPPER_EXTENSION = bundle;
			};
			name = Release;
		};
/* End XCBuildConfiguration section */

/* Begin XCConfigurationList section */
		31E617E21C997D6700607130 /* Build configuration list for PBXProject "CodeGenCLI" */ = {
			isa = XCConfigurationList;
			buildConfigurations = (
				31E617EC1C997D6700607130 /* Debug */,
				31E617ED1C997D6700607130 /* Release */,
			);
			defaultConfigurationIsVisible = 0;
			defaultConfigurationName = Release;
		};
		31E617EE1C997D6700607130 /* Build configuration list for PBXNativeTarget "CodeGenCLI" */ = {
			isa = XCConfigurationList;
			buildConfigurations = (
				31E617EF1C997D6700607130 /* Debug */,
				31E617F01C997D6700607130 /* Release */,
			);
			defaultConfigurationIsVisible = 0;
			defaultConfigurationName = Release;
		};
		31E617F81C997DDA00607130 /* Build configuration list for PBXNativeTarget "CodeGenCLIBundle" */ = {
			isa = XCConfigurationList;
			buildConfigurations = (
				31E617F91C997DDA00607130 /* Debug */,
				31E617FA1C997DDA00607130 /* Release */,
			);
			defaultConfigurationIsVisible = 0;
			defaultConfigurationName = Release;
		};
/* End XCConfigurationList section */
	};
	rootObject = 31E617DF1C997D6700607130 /* Project object */;
}
